
Microsoft Visual Studio Solution File, Format Version 12.00
# Visual Studio Version 17
VisualStudioVersion = 17.5.33414.496
MinimumVisualStudioVersion = 10.0.40219.1
Project("{FAE04EC0-301F-11D3-BF4B-00C04F79EFBC}") = "project", "project\project.csproj", "{C22E65CD-0B00-4153-BC76-19A8A02B398F}"
EndProject
Global
	GlobalSection(SolutionConfigurationPlatforms) = preSolution
		Debug|Any CPU = Debug|Any CPU
		Release|Any CPU = Release|Any CPU
	EndGlobalSection
	GlobalSection(ProjectConfigurationPlatforms) = postSolution
		{C22E65CD-0B00-4153-BC76-19A8A02B398F}.Debug|Any CPU.ActiveCfg = Debug|Any CPU
		{C22E65CD-0B00-4153-BC76-19A8A02B398F}.Debug|Any CPU.Build.0 = Debug|Any CPU
		{C22E65CD-0B00-4153-BC76-19A8A02B398F}.Release|Any CPU.ActiveCfg = Release|Any CPU
		{C22E65CD-0B00-4153-BC76-19A8A02B398F}.Release|Any CPU.Build.0 = Release|Any CPU
	EndGlobalSection
	GlobalSection(SolutionProperties) = preSolution
		HideSolutionNode = FALSE
	EndGlobalSection
	GlobalSection(ExtensibilityGlobals) = postSolution
		SolutionGuid = {A9FD03FB-E196-4EE9-A38B-0262C6A5670F}
	EndGlobalSection
EndGlobal
